
Microsoft Visual Studio Solution File, Format Version 12.00
# Visual Studio 15
VisualStudioVersion = 15.0.27703.2000
MinimumVisualStudioVersion = 10.0.40219.1
Project("{8BC9CEB8-8B4A-11D0-8D11-00A0C91BC942}") = "WindowsProject", "WindowsProject\WindowsProject.vcxproj", "{C2403D0A-37AA-4D5E-9524-B130FC636517}"
EndProject
Project("{8BC9CEB8-8B4A-11D0-8D11-00A0C91BC942}") = "MFCApplication1", "..\progress\MFCApplication1.vcxproj", "{E51FCBCD-C9AB-45C5-80D8-65ACAA5208CF}"
EndProject
Global
	GlobalSection(SolutionConfigurationPlatforms) = preSolution
		Debug|x64 = Debug|x64
		Debug|x86 = Debug|x86
		Release|x64 = Release|x64
		Release|x86 = Release|x86
	EndGlobalSection
	GlobalSection(ProjectConfigurationPlatforms) = postSolution
		{C2403D0A-37AA-4D5E-9524-B130FC636517}.Debug|x64.ActiveCfg = Debug|x64
		{C2403D0A-37AA-4D5E-9524-B130FC636517}.Debug|x64.Build.0 = Debug|x64
		{C2403D0A-37AA-4D5E-9524-B130FC636517}.Debug|x86.ActiveCfg = Debug|Win32
		{C2403D0A-37AA-4D5E-9524-B130FC636517}.Debug|x86.Build.0 = Debug|Win32
		{C2403D0A-37AA-4D5E-9524-B130FC636517}.Release|x64.ActiveCfg = Release|x64
		{C2403D0A-37AA-4D5E-9524-B130FC636517}.Release|x64.Build.0 = Release|x64
		{C2403D0A-37AA-4D5E-9524-B130FC636517}.Release|x86.ActiveCfg = Release|Win32
		{C2403D0A-37AA-4D5E-9524-B130FC636517}.Release|x86.Build.0 = Release|Win32
		{E51FCBCD-C9AB-45C5-80D8-65ACAA5208CF}.Debug|x64.ActiveCfg = Debug|x64
		{E51FCBCD-C9AB-45C5-80D8-65ACAA5208CF}.Debug|x64.Build.0 = Debug|x64
		{E51FCBCD-C9AB-45C5-80D8-65ACAA5208CF}.Debug|x86.ActiveCfg = Debug|Win32
		{E51FCBCD-C9AB-45C5-80D8-65ACAA5208CF}.Debug|x86.Build.0 = Debug|Win32
		{E51FCBCD-C9AB-45C5-80D8-65ACAA5208CF}.Release|x64.ActiveCfg = Release|x64
		{E51FCBCD-C9AB-45C5-80D8-65ACAA5208CF}.Release|x64.Build.0 = Release|x64
		{E51FCBCD-C9AB-45C5-80D8-65ACAA5208CF}.Release|x86.ActiveCfg = Release|Win32
		{E51FCBCD-C9AB-45C5-80D8-65ACAA5208CF}.Release|x86.Build.0 = Release|Win32
	EndGlobalSection
	GlobalSection(SolutionProperties) = preSolution
		HideSolutionNode = FALSE
	EndGlobalSection
	GlobalSection(ExtensibilityGlobals) = postSolution
		SolutionGuid = {CF7426BF-EF06-4C07-879A-83A939D1FAF9}
	EndGlobalSection
EndGlobal
